
Microsoft Visual Studio Solution File, Format Version 12.00
# Visual Studio Version 17
VisualStudioVersion = 17.7.34202.233
MinimumVisualStudioVersion = 10.0.40219.1
Project("{FAE04EC0-301F-11D3-BF4B-00C04F79EFBC}") = "OfficeConfigurator", "OfficeConfigurator.csproj", "{A1D8A410-965A-4E4F-8C41-005D9F47457A}"
EndProject
Global
	GlobalSection(SolutionConfigurationPlatforms) = preSolution
		Debug|Any CPU = Debug|Any CPU
		Release|Any CPU = Release|Any CPU
	EndGlobalSection
	GlobalSection(ProjectConfigurationPlatforms) = postSolution
		{A1D8A410-965A-4E4F-8C41-005D9F47457A}.Debug|Any CPU.ActiveCfg = Debug|Any CPU
		{A1D8A410-965A-4E4F-8C41-005D9F47457A}.Debug|Any CPU.Build.0 = Debug|Any CPU
		{A1D8A410-965A-4E4F-8C41-005D9F47457A}.Release|Any CPU.ActiveCfg = Release|Any CPU
		{A1D8A410-965A-4E4F-8C41-005D9F47457A}.Release|Any CPU.Build.0 = Release|Any CPU
	EndGlobalSection
	GlobalSection(SolutionProperties) = preSolution
		HideSolutionNode = FALSE
	EndGlobalSection
	GlobalSection(ExtensibilityGlobals) = postSolution
		SolutionGuid = {CFA76F12-1D85-4253-8E60-7D6FF29DDA3E}
	EndGlobalSection
EndGlobal
